
Microsoft Visual Studio Solution File, Format Version 12.00
# Visual Studio 14
VisualStudioVersion = 14.0.24720.0
MinimumVisualStudioVersion = 10.0.40219.1
Project("{FAE04EC0-301F-11D3-BF4B-00C04F79EFBC}") = "01.WorkHours", "01.WorkHours\01.WorkHours.csproj", "{A89B0AF4-81DA-48D3-9611-DCC76F08B406}"
EndProject
Project("{FAE04EC0-301F-11D3-BF4B-00C04F79EFBC}") = "02.SumOfElements", "02.SumOfElements\02.SumOfElements.csproj", "{D4CEB69C-A990-4BDE-9E2B-A21F94BD4AD4}"
EndProject
Project("{FAE04EC0-301F-11D3-BF4B-00C04F79EFBC}") = "03.TheExplorer", "03.TheExplorer\03.TheExplorer.csproj", "{C8ABB86D-3469-4727-9C48-317AC9D1CE61}"
EndProject
Project("{FAE04EC0-301F-11D3-BF4B-00C04F79EFBC}") = "04.MagicStrings", "04.MagicStrings\04.MagicStrings.csproj", "{F5CD85AC-D463-41D7-9196-B99624C85E32}"
EndProject
Project("{FAE04EC0-301F-11D3-BF4B-00C04F79EFBC}") = "05.BitSifting", "05.BitSifting\05.BitSifting.csproj", "{0275A3C2-AD68-4823-B854-F12AD81EA82F}"
EndProject
Global
	GlobalSection(SolutionConfigurationPlatforms) = preSolution
		Debug|Any CPU = Debug|Any CPU
		Release|Any CPU = Release|Any CPU
	EndGlobalSection
	GlobalSection(ProjectConfigurationPlatforms) = postSolution
		{A89B0AF4-81DA-48D3-9611-DCC76F08B406}.Debug|Any CPU.ActiveCfg = Debug|Any CPU
		{A89B0AF4-81DA-48D3-9611-DCC76F08B406}.Debug|Any CPU.Build.0 = Debug|Any CPU
		{A89B0AF4-81DA-48D3-9611-DCC76F08B406}.Release|Any CPU.ActiveCfg = Release|Any CPU
		{A89B0AF4-81DA-48D3-9611-DCC76F08B406}.Release|Any CPU.Build.0 = Release|Any CPU
		{D4CEB69C-A990-4BDE-9E2B-A21F94BD4AD4}.Debug|Any CPU.ActiveCfg = Debug|Any CPU
		{D4CEB69C-A990-4BDE-9E2B-A21F94BD4AD4}.Debug|Any CPU.Build.0 = Debug|Any CPU
		{D4CEB69C-A990-4BDE-9E2B-A21F94BD4AD4}.Release|Any CPU.ActiveCfg = Release|Any CPU
		{D4CEB69C-A990-4BDE-9E2B-A21F94BD4AD4}.Release|Any CPU.Build.0 = Release|Any CPU
		{C8ABB86D-3469-4727-9C48-317AC9D1CE61}.Debug|Any CPU.ActiveCfg = Debug|Any CPU
		{C8ABB86D-3469-4727-9C48-317AC9D1CE61}.Debug|Any CPU.Build.0 = Debug|Any CPU
		{C8ABB86D-3469-4727-9C48-317AC9D1CE61}.Release|Any CPU.ActiveCfg = Release|Any CPU
		{C8ABB86D-3469-4727-9C48-317AC9D1CE61}.Release|Any CPU.Build.0 = Release|Any CPU
		{F5CD85AC-D463-41D7-9196-B99624C85E32}.Debug|Any CPU.ActiveCfg = Debug|Any CPU
		{F5CD85AC-D463-41D7-9196-B99624C85E32}.Debug|Any CPU.Build.0 = Debug|Any CPU
		{F5CD85AC-D463-41D7-9196-B99624C85E32}.Release|Any CPU.ActiveCfg = Release|Any CPU
		{F5CD85AC-D463-41D7-9196-B99624C85E32}.Release|Any CPU.Build.0 = Release|Any CPU
		{0275A3C2-AD68-4823-B854-F12AD81EA82F}.Debug|Any CPU.ActiveCfg = Debug|Any CPU
		{0275A3C2-AD68-4823-B854-F12AD81EA82F}.Debug|Any CPU.Build.0 = Debug|Any CPU
		{0275A3C2-AD68-4823-B854-F12AD81EA82F}.Release|Any CPU.ActiveCfg = Release|Any CPU
		{0275A3C2-AD68-4823-B854-F12AD81EA82F}.Release|Any CPU.Build.0 = Release|Any CPU
	EndGlobalSection
	GlobalSection(SolutionProperties) = preSolution
		HideSolutionNode = FALSE
	EndGlobalSection
EndGlobal
