
Microsoft Visual Studio Solution File, Format Version 12.00
# Visual Studio 14
VisualStudioVersion = 14.0.24720.0
MinimumVisualStudioVersion = 10.0.40219.1
Project("{FAE04EC0-301F-11D3-BF4B-00C04F79EFBC}") = "LearningSystemApplication", "LearningSystemApplication\LearningSystemApplication.csproj", "{B8B087C4-6C88-480B-8DC9-D3330840A9E4}"
EndProject
Project("{FAE04EC0-301F-11D3-BF4B-00C04F79EFBC}") = "LearningSystem.Data", "LearningSystem.Data\LearningSystem.Data.csproj", "{5BEC1EE8-6612-4181-B26A-4E7664A5CAE7}"
EndProject
Project("{FAE04EC0-301F-11D3-BF4B-00C04F79EFBC}") = "LearningSystem.Models", "LearningSystem.Models\LearningSystem.Models.csproj", "{C8542EE5-0EF0-4E13-8845-8E534D609B66}"
EndProject
Project("{FAE04EC0-301F-11D3-BF4B-00C04F79EFBC}") = "LearningSystem.Services", "LearningSystem.Services\LearningSystem.Services.csproj", "{F97A7753-119F-4DA5-99DE-D58131638F45}"
EndProject
Global
	GlobalSection(SolutionConfigurationPlatforms) = preSolution
		Debug|Any CPU = Debug|Any CPU
		Release|Any CPU = Release|Any CPU
	EndGlobalSection
	GlobalSection(ProjectConfigurationPlatforms) = postSolution
		{B8B087C4-6C88-480B-8DC9-D3330840A9E4}.Debug|Any CPU.ActiveCfg = Debug|Any CPU
		{B8B087C4-6C88-480B-8DC9-D3330840A9E4}.Debug|Any CPU.Build.0 = Debug|Any CPU
		{B8B087C4-6C88-480B-8DC9-D3330840A9E4}.Release|Any CPU.ActiveCfg = Release|Any CPU
		{B8B087C4-6C88-480B-8DC9-D3330840A9E4}.Release|Any CPU.Build.0 = Release|Any CPU
		{5BEC1EE8-6612-4181-B26A-4E7664A5CAE7}.Debug|Any CPU.ActiveCfg = Debug|Any CPU
		{5BEC1EE8-6612-4181-B26A-4E7664A5CAE7}.Debug|Any CPU.Build.0 = Debug|Any CPU
		{5BEC1EE8-6612-4181-B26A-4E7664A5CAE7}.Release|Any CPU.ActiveCfg = Release|Any CPU
		{5BEC1EE8-6612-4181-B26A-4E7664A5CAE7}.Release|Any CPU.Build.0 = Release|Any CPU
		{C8542EE5-0EF0-4E13-8845-8E534D609B66}.Debug|Any CPU.ActiveCfg = Debug|Any CPU
		{C8542EE5-0EF0-4E13-8845-8E534D609B66}.Debug|Any CPU.Build.0 = Debug|Any CPU
		{C8542EE5-0EF0-4E13-8845-8E534D609B66}.Release|Any CPU.ActiveCfg = Release|Any CPU
		{C8542EE5-0EF0-4E13-8845-8E534D609B66}.Release|Any CPU.Build.0 = Release|Any CPU
		{F97A7753-119F-4DA5-99DE-D58131638F45}.Debug|Any CPU.ActiveCfg = Debug|Any CPU
		{F97A7753-119F-4DA5-99DE-D58131638F45}.Debug|Any CPU.Build.0 = Debug|Any CPU
		{F97A7753-119F-4DA5-99DE-D58131638F45}.Release|Any CPU.ActiveCfg = Release|Any CPU
		{F97A7753-119F-4DA5-99DE-D58131638F45}.Release|Any CPU.Build.0 = Release|Any CPU
	EndGlobalSection
	GlobalSection(SolutionProperties) = preSolution
		HideSolutionNode = FALSE
	EndGlobalSection
EndGlobal
