
Microsoft Visual Studio Solution File, Format Version 12.00
# Visual Studio 2013
VisualStudioVersion = 12.0.31101.0
MinimumVisualStudioVersion = 10.0.40219.1
Project("{FAE04EC0-301F-11D3-BF4B-00C04F79EFBC}") = "01.ExamSchedule", "01.ExamSchedule\01.ExamSchedule.csproj", "{535BAF19-94F0-4EF5-A795-678FE85647E3}"
EndProject
Project("{FAE04EC0-301F-11D3-BF4B-00C04F79EFBC}") = "02.OddOrEvenElements", "02.OddOrEvenElements\02.OddOrEvenElements.csproj", "{5E52A269-4166-4490-A9C7-17C353611632}"
EndProject
Project("{FAE04EC0-301F-11D3-BF4B-00C04F79EFBC}") = "03.Arrow", "03.Arrow\03.Arrow.csproj", "{62E6649D-2075-457E-B517-9B2A15C51147}"
EndProject
Project("{FAE04EC0-301F-11D3-BF4B-00C04F79EFBC}") = "04.FiveSpecialLetters", "04.FiveSpecialLetters\04.FiveSpecialLetters.csproj", "{F90C6C24-8273-4A5E-B940-38A4709A2051}"
EndProject
Project("{FAE04EC0-301F-11D3-BF4B-00C04F79EFBC}") = "05.BitRoller", "05.BitRoller\05.BitRoller.csproj", "{BE6527F9-72B7-466D-975B-FAE607C6A6D5}"
EndProject
Global
	GlobalSection(SolutionConfigurationPlatforms) = preSolution
		Debug|Any CPU = Debug|Any CPU
		Release|Any CPU = Release|Any CPU
	EndGlobalSection
	GlobalSection(ProjectConfigurationPlatforms) = postSolution
		{535BAF19-94F0-4EF5-A795-678FE85647E3}.Debug|Any CPU.ActiveCfg = Debug|Any CPU
		{535BAF19-94F0-4EF5-A795-678FE85647E3}.Debug|Any CPU.Build.0 = Debug|Any CPU
		{535BAF19-94F0-4EF5-A795-678FE85647E3}.Release|Any CPU.ActiveCfg = Release|Any CPU
		{535BAF19-94F0-4EF5-A795-678FE85647E3}.Release|Any CPU.Build.0 = Release|Any CPU
		{5E52A269-4166-4490-A9C7-17C353611632}.Debug|Any CPU.ActiveCfg = Debug|Any CPU
		{5E52A269-4166-4490-A9C7-17C353611632}.Debug|Any CPU.Build.0 = Debug|Any CPU
		{5E52A269-4166-4490-A9C7-17C353611632}.Release|Any CPU.ActiveCfg = Release|Any CPU
		{5E52A269-4166-4490-A9C7-17C353611632}.Release|Any CPU.Build.0 = Release|Any CPU
		{62E6649D-2075-457E-B517-9B2A15C51147}.Debug|Any CPU.ActiveCfg = Debug|Any CPU
		{62E6649D-2075-457E-B517-9B2A15C51147}.Debug|Any CPU.Build.0 = Debug|Any CPU
		{62E6649D-2075-457E-B517-9B2A15C51147}.Release|Any CPU.ActiveCfg = Release|Any CPU
		{62E6649D-2075-457E-B517-9B2A15C51147}.Release|Any CPU.Build.0 = Release|Any CPU
		{F90C6C24-8273-4A5E-B940-38A4709A2051}.Debug|Any CPU.ActiveCfg = Debug|Any CPU
		{F90C6C24-8273-4A5E-B940-38A4709A2051}.Debug|Any CPU.Build.0 = Debug|Any CPU
		{F90C6C24-8273-4A5E-B940-38A4709A2051}.Release|Any CPU.ActiveCfg = Release|Any CPU
		{F90C6C24-8273-4A5E-B940-38A4709A2051}.Release|Any CPU.Build.0 = Release|Any CPU
		{BE6527F9-72B7-466D-975B-FAE607C6A6D5}.Debug|Any CPU.ActiveCfg = Debug|Any CPU
		{BE6527F9-72B7-466D-975B-FAE607C6A6D5}.Debug|Any CPU.Build.0 = Debug|Any CPU
		{BE6527F9-72B7-466D-975B-FAE607C6A6D5}.Release|Any CPU.ActiveCfg = Release|Any CPU
		{BE6527F9-72B7-466D-975B-FAE607C6A6D5}.Release|Any CPU.Build.0 = Release|Any CPU
	EndGlobalSection
	GlobalSection(SolutionProperties) = preSolution
		HideSolutionNode = FALSE
	EndGlobalSection
EndGlobal
