
Microsoft Visual Studio Solution File, Format Version 12.00
# Visual Studio 14
VisualStudioVersion = 14.0.24720.0
MinimumVisualStudioVersion = 10.0.40219.1
Project("{FAE04EC0-301F-11D3-BF4B-00C04F79EFBC}") = "01.CreateStudentsXMLDocument", "01.CreateStudentsXMLDocument\01.CreateStudentsXMLDocument.csproj", "{8E2BEB74-C7FC-4BB6-ACE8-30945B5D8BCA}"
EndProject
Project("{FAE04EC0-301F-11D3-BF4B-00C04F79EFBC}") = "02.CatalogInXMLFormat", "02.CatalogInXMLFormat\02.CatalogInXMLFormat.csproj", "{518C117B-4C3A-4534-AEE1-E199A700DA13}"
EndProject
Global
	GlobalSection(SolutionConfigurationPlatforms) = preSolution
		Debug|Any CPU = Debug|Any CPU
		Release|Any CPU = Release|Any CPU
	EndGlobalSection
	GlobalSection(ProjectConfigurationPlatforms) = postSolution
		{8E2BEB74-C7FC-4BB6-ACE8-30945B5D8BCA}.Debug|Any CPU.ActiveCfg = Debug|Any CPU
		{8E2BEB74-C7FC-4BB6-ACE8-30945B5D8BCA}.Debug|Any CPU.Build.0 = Debug|Any CPU
		{8E2BEB74-C7FC-4BB6-ACE8-30945B5D8BCA}.Release|Any CPU.ActiveCfg = Release|Any CPU
		{8E2BEB74-C7FC-4BB6-ACE8-30945B5D8BCA}.Release|Any CPU.Build.0 = Release|Any CPU
		{518C117B-4C3A-4534-AEE1-E199A700DA13}.Debug|Any CPU.ActiveCfg = Debug|Any CPU
		{518C117B-4C3A-4534-AEE1-E199A700DA13}.Debug|Any CPU.Build.0 = Debug|Any CPU
		{518C117B-4C3A-4534-AEE1-E199A700DA13}.Release|Any CPU.ActiveCfg = Release|Any CPU
		{518C117B-4C3A-4534-AEE1-E199A700DA13}.Release|Any CPU.Build.0 = Release|Any CPU
	EndGlobalSection
	GlobalSection(SolutionProperties) = preSolution
		HideSolutionNode = FALSE
	EndGlobalSection
EndGlobal
