
Microsoft Visual Studio Solution File, Format Version 12.00
# Visual Studio 14
VisualStudioVersion = 14.0.24720.0
MinimumVisualStudioVersion = 10.0.40219.1
Project("{FAE04EC0-301F-11D3-BF4B-00C04F79EFBC}") = "01.PrintStringLetters", "01.PrintStringLetters\01.PrintStringLetters.csproj", "{B57AA0D0-DE93-41C2-B4BF-515C36B563E1}"
EndProject
Project("{FAE04EC0-301F-11D3-BF4B-00C04F79EFBC}") = "02.CountLettersInString", "02.CountLettersInString\02.CountLettersInString.csproj", "{D1113178-3824-4032-90F8-7DDEE16F7EB4}"
EndProject
Project("{FAE04EC0-301F-11D3-BF4B-00C04F79EFBC}") = "03.PrintAReceipt", "03.PrintAReceipt\03.PrintAReceipt.csproj", "{33019CEE-A8E2-46CB-A3DC-9A328ED44216}"
EndProject
Project("{FAE04EC0-301F-11D3-BF4B-00C04F79EFBC}") = "04.OccurrencesInString", "04.OccurrencesInString\04.OccurrencesInString.csproj", "{9C61808E-A75D-4199-B90F-0FAF934D4969}"
EndProject
Project("{FAE04EC0-301F-11D3-BF4B-00C04F79EFBC}") = "05.ForbiddenSubstrings", "05.ForbiddenSubstrings\05.ForbiddenSubstrings.csproj", "{183040F6-AA04-47D6-A82F-ADFB4F4A9DED}"
EndProject
Project("{FAE04EC0-301F-11D3-BF4B-00C04F79EFBC}") = "06.CountRealNumbers", "06.CountRealNumbers\06.CountRealNumbers.csproj", "{044DC9A4-2E31-4AE1-BBEE-88EAFE6C4E39}"
EndProject
Project("{FAE04EC0-301F-11D3-BF4B-00C04F79EFBC}") = "07.OddOccurrences", "07.OddOccurrences\07.OddOccurrences.csproj", "{5D5E8B86-3471-4BE3-A536-CA049365C79E}"
EndProject
Project("{FAE04EC0-301F-11D3-BF4B-00C04F79EFBC}") = "08.Largest3Numbers", "08.Largest3Numbers\08.Largest3Numbers.csproj", "{9FDA96A5-F154-4D1A-AF54-CC0AE786AD8B}"
EndProject
Project("{FAE04EC0-301F-11D3-BF4B-00C04F79EFBC}") = "09.ShortWordsSorted", "09.ShortWordsSorted\09.ShortWordsSorted.csproj", "{CA1C9499-4C0C-41DC-A4B9-EF9CF0EC44B2}"
EndProject
Project("{FAE04EC0-301F-11D3-BF4B-00C04F79EFBC}") = "10.FoldAndSum", "10.FoldAndSum\10.FoldAndSum.csproj", "{0A530588-804A-4968-9888-A33AD7220615}"
EndProject
Project("{FAE04EC0-301F-11D3-BF4B-00C04F79EFBC}") = "11.ReverseTheWords", "11.ReverseTheWords\11.ReverseTheWords.csproj", "{A8A63423-7448-40FD-B06E-75CE5B28B5FE}"
EndProject
Global
	GlobalSection(SolutionConfigurationPlatforms) = preSolution
		Debug|Any CPU = Debug|Any CPU
		Release|Any CPU = Release|Any CPU
	EndGlobalSection
	GlobalSection(ProjectConfigurationPlatforms) = postSolution
		{B57AA0D0-DE93-41C2-B4BF-515C36B563E1}.Debug|Any CPU.ActiveCfg = Debug|Any CPU
		{B57AA0D0-DE93-41C2-B4BF-515C36B563E1}.Debug|Any CPU.Build.0 = Debug|Any CPU
		{B57AA0D0-DE93-41C2-B4BF-515C36B563E1}.Release|Any CPU.ActiveCfg = Release|Any CPU
		{B57AA0D0-DE93-41C2-B4BF-515C36B563E1}.Release|Any CPU.Build.0 = Release|Any CPU
		{D1113178-3824-4032-90F8-7DDEE16F7EB4}.Debug|Any CPU.ActiveCfg = Debug|Any CPU
		{D1113178-3824-4032-90F8-7DDEE16F7EB4}.Debug|Any CPU.Build.0 = Debug|Any CPU
		{D1113178-3824-4032-90F8-7DDEE16F7EB4}.Release|Any CPU.ActiveCfg = Release|Any CPU
		{D1113178-3824-4032-90F8-7DDEE16F7EB4}.Release|Any CPU.Build.0 = Release|Any CPU
		{33019CEE-A8E2-46CB-A3DC-9A328ED44216}.Debug|Any CPU.ActiveCfg = Debug|Any CPU
		{33019CEE-A8E2-46CB-A3DC-9A328ED44216}.Debug|Any CPU.Build.0 = Debug|Any CPU
		{33019CEE-A8E2-46CB-A3DC-9A328ED44216}.Release|Any CPU.ActiveCfg = Release|Any CPU
		{33019CEE-A8E2-46CB-A3DC-9A328ED44216}.Release|Any CPU.Build.0 = Release|Any CPU
		{9C61808E-A75D-4199-B90F-0FAF934D4969}.Debug|Any CPU.ActiveCfg = Debug|Any CPU
		{9C61808E-A75D-4199-B90F-0FAF934D4969}.Debug|Any CPU.Build.0 = Debug|Any CPU
		{9C61808E-A75D-4199-B90F-0FAF934D4969}.Release|Any CPU.ActiveCfg = Release|Any CPU
		{9C61808E-A75D-4199-B90F-0FAF934D4969}.Release|Any CPU.Build.0 = Release|Any CPU
		{183040F6-AA04-47D6-A82F-ADFB4F4A9DED}.Debug|Any CPU.ActiveCfg = Debug|Any CPU
		{183040F6-AA04-47D6-A82F-ADFB4F4A9DED}.Debug|Any CPU.Build.0 = Debug|Any CPU
		{183040F6-AA04-47D6-A82F-ADFB4F4A9DED}.Release|Any CPU.ActiveCfg = Release|Any CPU
		{183040F6-AA04-47D6-A82F-ADFB4F4A9DED}.Release|Any CPU.Build.0 = Release|Any CPU
		{044DC9A4-2E31-4AE1-BBEE-88EAFE6C4E39}.Debug|Any CPU.ActiveCfg = Debug|Any CPU
		{044DC9A4-2E31-4AE1-BBEE-88EAFE6C4E39}.Debug|Any CPU.Build.0 = Debug|Any CPU
		{044DC9A4-2E31-4AE1-BBEE-88EAFE6C4E39}.Release|Any CPU.ActiveCfg = Release|Any CPU
		{044DC9A4-2E31-4AE1-BBEE-88EAFE6C4E39}.Release|Any CPU.Build.0 = Release|Any CPU
		{5D5E8B86-3471-4BE3-A536-CA049365C79E}.Debug|Any CPU.ActiveCfg = Debug|Any CPU
		{5D5E8B86-3471-4BE3-A536-CA049365C79E}.Debug|Any CPU.Build.0 = Debug|Any CPU
		{5D5E8B86-3471-4BE3-A536-CA049365C79E}.Release|Any CPU.ActiveCfg = Release|Any CPU
		{5D5E8B86-3471-4BE3-A536-CA049365C79E}.Release|Any CPU.Build.0 = Release|Any CPU
		{9FDA96A5-F154-4D1A-AF54-CC0AE786AD8B}.Debug|Any CPU.ActiveCfg = Debug|Any CPU
		{9FDA96A5-F154-4D1A-AF54-CC0AE786AD8B}.Debug|Any CPU.Build.0 = Debug|Any CPU
		{9FDA96A5-F154-4D1A-AF54-CC0AE786AD8B}.Release|Any CPU.ActiveCfg = Release|Any CPU
		{9FDA96A5-F154-4D1A-AF54-CC0AE786AD8B}.Release|Any CPU.Build.0 = Release|Any CPU
		{CA1C9499-4C0C-41DC-A4B9-EF9CF0EC44B2}.Debug|Any CPU.ActiveCfg = Debug|Any CPU
		{CA1C9499-4C0C-41DC-A4B9-EF9CF0EC44B2}.Debug|Any CPU.Build.0 = Debug|Any CPU
		{CA1C9499-4C0C-41DC-A4B9-EF9CF0EC44B2}.Release|Any CPU.ActiveCfg = Release|Any CPU
		{CA1C9499-4C0C-41DC-A4B9-EF9CF0EC44B2}.Release|Any CPU.Build.0 = Release|Any CPU
		{0A530588-804A-4968-9888-A33AD7220615}.Debug|Any CPU.ActiveCfg = Debug|Any CPU
		{0A530588-804A-4968-9888-A33AD7220615}.Debug|Any CPU.Build.0 = Debug|Any CPU
		{0A530588-804A-4968-9888-A33AD7220615}.Release|Any CPU.ActiveCfg = Release|Any CPU
		{0A530588-804A-4968-9888-A33AD7220615}.Release|Any CPU.Build.0 = Release|Any CPU
		{A8A63423-7448-40FD-B06E-75CE5B28B5FE}.Debug|Any CPU.ActiveCfg = Debug|Any CPU
		{A8A63423-7448-40FD-B06E-75CE5B28B5FE}.Debug|Any CPU.Build.0 = Debug|Any CPU
		{A8A63423-7448-40FD-B06E-75CE5B28B5FE}.Release|Any CPU.ActiveCfg = Release|Any CPU
		{A8A63423-7448-40FD-B06E-75CE5B28B5FE}.Release|Any CPU.Build.0 = Release|Any CPU
	EndGlobalSection
	GlobalSection(SolutionProperties) = preSolution
		HideSolutionNode = FALSE
	EndGlobalSection
EndGlobal
